Microsoft Visual Studio Solution File, Format Version 12.00
# Visual Studio Version 17
VisualStudioVersion = 17.5.2.0
MinimumVisualStudioVersion = 10.0.40219.1
Project("{2150E333-8FDC-42A3-9474-1A3956D46DE8}") = "client-csharp", "client-csharp", "{DBD47721-105E-E9A5-B8F6-8734888E9D74}"
EndProject
Project("{FAE04EC0-301F-11D3-BF4B-00C04F79EFBC}") = "TaskClient", "client-csharp\TaskClient\TaskClient.csproj", "{E9664688-0586-993D-1BAE-7B5216FBB839}"
EndProject
Global
	GlobalSection(SolutionConfigurationPlatforms) = preSolution
		Debug|Any CPU = Debug|Any CPU
		Release|Any CPU = Release|Any CPU
	EndGlobalSection
	GlobalSection(ProjectConfigurationPlatforms) = postSolution
		{E9664688-0586-993D-1BAE-7B5216FBB839}.Debug|Any CPU.ActiveCfg = Debug|Any CPU
		{E9664688-0586-993D-1BAE-7B5216FBB839}.Debug|Any CPU.Build.0 = Debug|Any CPU
		{E9664688-0586-993D-1BAE-7B5216FBB839}.Release|Any CPU.ActiveCfg = Release|Any CPU
		{E9664688-0586-993D-1BAE-7B5216FBB839}.Release|Any CPU.Build.0 = Release|Any CPU
	EndGlobalSection
	GlobalSection(SolutionProperties) = preSolution
		HideSolutionNode = FALSE
	EndGlobalSection
	GlobalSection(NestedProjects) = preSolution
		{E9664688-0586-993D-1BAE-7B5216FBB839} = {DBD47721-105E-E9A5-B8F6-8734888E9D74}
	EndGlobalSection
	GlobalSection(ExtensibilityGlobals) = postSolution
		SolutionGuid = {4606FACC-5334-40E7-8B41-D124D721A72A}
	EndGlobalSection
EndGlobal
